{
  "version": 4,
  "terraform_version": "1.11.4",
  "serial": 52,
  "lineage": "6d35cbc0-9080-bcb5-fe30-4972232fd3c4",
  "outputs": {
    "budget_name": {
      "value": "Auto-Detach Budget",
      "type": "string"
    },
    "function_service_account": {
      "value": "279531020086-compute@developer.gserviceaccount.com",
      "type": "string"
    },
    "function_url": {
      "value": "https://detach-billing-4hr2oe7t2q-ue.a.run.app",
      "type": "string"
    },
    "pubsub_topic": {
      "value": "projects/n8n-podman-456718/topics/billing-alerts",
      "type": "string"
    }
  },
  "resources": [
    {
      "mode": "data",
      "type": "archive_file",
      "name": "function_zip",
      "provider": "provider[\"registry.terraform.io/hashicorp/archive\"]",
      "instances": [
        {
          "schema_version": 0,
          "attributes": {
            "exclude_symlink_directories": null,
            "excludes": null,
            "id": "1676432da8b41d20070fce2fdcd537f7e147768b",
            "output_base64sha256": "VfvRKP6mzijyGcgF/Ux0FUhltwsYgvqi4+NMid4Aa6o=",
            "output_base64sha512": "FnIpYfG+pAaoLObNtDW92eN+1ft9+6FkbKUnwZyNjnY0NKuwCx59QTXCrboCbWym6CT6ECzMzK3H7/vEHwdAPg==",
            "output_file_mode": null,
            "output_md5": "dc47862014695a2e458dda7d4d78888b",
            "output_path": "./function.zip",
            "output_sha": "1676432da8b41d20070fce2fdcd537f7e147768b",
            "output_sha256": "55fbd128fea6ce28f219c805fd4c74154865b70b1882faa2e3e34c89de006baa",
            "output_sha512": "16722961f1bea406a82ce6cdb435bdd9e37ed5fb7dfba1646ca527c19c8d8e763434abb00b1e7d4135c2adba026d6ca6e824fa102cccccadc7effbc41f07403e",
            "output_size": 5863,
            "source": [],
            "source_content": null,
            "source_content_filename": null,
            "source_dir": "./function",
            "source_file": null,
            "type": "zip"
          },
          "sensitive_attributes": []
        }
      ]
    },
    {
      "mode": "data",
      "type": "google_project",
      "name": "project",
      "provider": "provider[\"registry.terraform.io/hashicorp/google\"]",
      "instances": [
        {
          "schema_version": 0,
          "attributes": {
            "auto_create_network": null,
            "billing_account": "01056A-6BE369-56E264",
            "effective_labels": {},
            "folder_id": null,
            "id": "projects/n8n-podman-456718",
            "labels": {},
            "name": "n8n-podman",
            "number": "279531020086",
            "org_id": null,
            "project_id": "n8n-podman-456718",
            "skip_delete": null,
            "terraform_labels": {}
          },
          "sensitive_attributes": []
        }
      ]
    },
    {
      "mode": "managed",
      "type": "google_billing_account_iam_member",
      "name": "billing_admin",
      "provider": "provider[\"registry.terraform.io/hashicorp/google\"]",
      "instances": [
        {
          "schema_version": 0,
          "attributes": {
            "billing_account_id": "01056A-6BE369-56E264",
            "condition": [],
            "etag": "BwY0zCOXw+M=",
            "id": "01056A-6BE369-56E264/roles/billing.admin/serviceAccount:279531020086-compute@developer.gserviceaccount.com",
            "member": "serviceAccount:279531020086-compute@developer.gserviceaccount.com",
            "role": "roles/billing.admin"
          },
          "sensitive_attributes": [],
          "private": "bnVsbA==",
          "dependencies": [
            "data.archive_file.function_zip",
            "data.google_project.project",
            "google_cloudfunctions2_function.billing_detachment_function",
            "google_project_service.required_apis",
            "google_pubsub_topic.budget_alerts",
            "google_storage_bucket.function_bucket",
            "google_storage_bucket_object.function_code"
          ]
        }
      ]
    },
    {
      "mode": "managed",
      "type": "google_billing_budget",
      "name": "budget",
      "provider": "provider[\"registry.terraform.io/hashicorp/google\"]",
      "instances": [
        {
          "schema_version": 1,
          "attributes": {
            "all_updates_rule": [
              {
                "disable_default_iam_recipients": false,
                "monitoring_notification_channels": null,
                "pubsub_topic": "projects/n8n-podman-456718/topics/billing-alerts",
                "schema_version": "1.0"
              }
            ],
            "amount": [
              {
                "last_period_amount": false,
                "specified_amount": [
                  {
                    "currency_code": "USD",
                    "nanos": 0,
                    "units": "5"
                  }
                ]
              }
            ],
            "billing_account": "01056A-6BE369-56E264",
            "budget_filter": [
              {
                "calendar_period": "MONTH",
                "credit_types": [],
                "credit_types_treatment": "INCLUDE_ALL_CREDITS",
                "custom_period": [],
                "labels": {},
                "projects": [
                  "projects/279531020086"
                ],
                "resource_ancestors": null,
                "services": [],
                "subaccounts": []
              }
            ],
            "display_name": "Auto-Detach Budget",
            "id": "billingAccounts/01056A-6BE369-56E264/budgets/df915c83-a1f3-4dc4-9eee-4dccc71d2cf6",
            "name": "df915c83-a1f3-4dc4-9eee-4dccc71d2cf6",
            "threshold_rules": [
              {
                "spend_basis": "CURRENT_SPEND",
                "threshold_percent": 0.5
              },
              {
                "spend_basis": "CURRENT_SPEND",
                "threshold_percent": 0.8
              },
              {
                "spend_basis": "CURRENT_SPEND",
                "threshold_percent": 1
              }
            ],
            "timeouts": null
          },
          "sensitive_attributes": [],
          "private": "eyJlMmJmYjczMC1lY2FhLTExZTYtOGY4OC0zNDM2M2JjN2M0YzAiOnsiY3JlYXRlIjoxMjAwMDAwMDAwMDAwLCJkZWxldGUiOjEyMDAwMDAwMDAwMDAsInVwZGF0ZSI6MTIwMDAwMDAwMDAwMH0sInNjaGVtYV92ZXJzaW9uIjoiMSJ9",
          "dependencies": [
            "data.google_project.project",
            "google_project_service.required_apis",
            "google_pubsub_topic.budget_alerts"
          ]
        }
      ]
    },
    {
      "mode": "managed",
      "type": "google_cloudfunctions2_function",
      "name": "billing_detachment_function",
      "provider": "provider[\"registry.terraform.io/hashicorp/google\"]",
      "instances": [
        {
          "schema_version": 0,
          "attributes": {
            "build_config": [
              {
                "build": "projects/279531020086/locations/us-east1/builds/7652292d-d7af-4776-bfcf-0c8d4483f070",
                "docker_repository": "projects/n8n-podman-456718/locations/us-east1/repositories/gcf-artifacts",
                "entry_point": "detach_billing",
                "environment_variables": {},
                "runtime": "python312",
                "source": [
                  {
                    "repo_source": [],
                    "storage_source": [
                      {
                        "bucket": "n8n-podman-456718-function-code",
                        "generation": 1746901187313425,
                        "object": "function-dc47862014695a2e458dda7d4d78888b.zip"
                      }
                    ]
                  }
                ],
                "worker_pool": ""
              }
            ],
            "description": "Automatically detaches billing when budget thresholds are exceeded",
            "effective_labels": {},
            "environment": "GEN_2",
            "event_trigger": [
              {
                "event_filters": [],
                "event_type": "google.cloud.pubsub.topic.v1.messagePublished",
                "pubsub_topic": "projects/n8n-podman-456718/topics/billing-alerts",
                "retry_policy": "RETRY_POLICY_RETRY",
                "service_account_email": "279531020086-compute@developer.gserviceaccount.com",
                "trigger": "projects/n8n-podman-456718/locations/us-east1/triggers/detach-billing-705605",
                "trigger_region": "us-east1"
              }
            ],
            "id": "projects/n8n-podman-456718/locations/us-east1/functions/detach-billing",
            "kms_key_name": "",
            "labels": {},
            "location": "us-east1",
            "name": "detach-billing",
            "project": "n8n-podman-456718",
            "service_config": [
              {
                "all_traffic_on_latest_revision": true,
                "available_cpu": "0.1666",
                "available_memory": "256Mi",
                "environment_variables": {
                  "ALLOWED_OVERAGE_PCT": "10",
                  "EXCLUSION_LIST": "",
                  "LOG_EXECUTION_ID": "true"
                },
                "gcf_uri": "",
                "ingress_settings": "ALLOW_ALL",
                "max_instance_count": 1,
                "max_instance_request_concurrency": 1,
                "min_instance_count": 0,
                "secret_environment_variables": [],
                "secret_volumes": [],
                "service": "projects/n8n-podman-456718/locations/us-east1/services/detach-billing",
                "service_account_email": "279531020086-compute@developer.gserviceaccount.com",
                "timeout_seconds": 60,
                "uri": "https://detach-billing-4hr2oe7t2q-ue.a.run.app",
                "vpc_connector": "",
                "vpc_connector_egress_settings": ""
              }
            ],
            "state": "ACTIVE",
            "terraform_labels": {},
            "timeouts": null,
            "update_time": "2025-05-10T18:20:27.807543604Z",
            "url": "https://us-east1-n8n-podman-456718.cloudfunctions.net/detach-billing"
          },
          "sensitive_attributes": [],
          "private": "eyJlMmJmYjczMC1lY2FhLTExZTYtOGY4OC0zNDM2M2JjN2M0YzAiOnsiY3JlYXRlIjozNjAwMDAwMDAwMDAwLCJkZWxldGUiOjM2MDAwMDAwMDAwMDAsInVwZGF0ZSI6MzYwMDAwMDAwMDAwMH19",
          "dependencies": [
            "data.archive_file.function_zip",
            "google_project_service.required_apis",
            "google_pubsub_topic.budget_alerts",
            "google_storage_bucket.function_bucket",
            "google_storage_bucket_object.function_code"
          ]
        }
      ]
    },
    {
      "mode": "managed",
      "type": "google_project_iam_member",
      "name": "project_billing_manager",
      "provider": "provider[\"registry.terraform.io/hashicorp/google\"]",
      "instances": [
        {
          "schema_version": 0,
          "attributes": {
            "condition": [],
            "etag": "BwY0zAI53/E=",
            "id": "n8n-podman-456718/roles/billing.projectManager/serviceAccount:279531020086-compute@developer.gserviceaccount.com",
            "member": "serviceAccount:279531020086-compute@developer.gserviceaccount.com",
            "project": "n8n-podman-456718",
            "role": "roles/billing.projectManager"
          },
          "sensitive_attributes": [],
          "private": "bnVsbA==",
          "dependencies": [
            "data.archive_file.function_zip",
            "data.google_project.project",
            "google_cloudfunctions2_function.billing_detachment_function",
            "google_project_service.required_apis",
            "google_pubsub_topic.budget_alerts",
            "google_storage_bucket.function_bucket",
            "google_storage_bucket_object.function_code"
          ]
        }
      ]
    },
    {
      "mode": "managed",
      "type": "google_project_service",
      "name": "required_apis",
      "provider": "provider[\"registry.terraform.io/hashicorp/google\"]",
      "instances": [
        {
          "index_key": "artifactregistry.googleapis.com",
          "schema_version": 0,
          "attributes": {
            "disable_dependent_services": null,
            "disable_on_destroy": false,
            "id": "n8n-podman-456718/artifactregistry.googleapis.com",
            "project": "n8n-podman-456718",
            "service": "artifactregistry.googleapis.com",
            "timeouts": {
              "create": "30m",
              "delete": null,
              "read": null,
              "update": "40m"
            }
          },
          "sensitive_attributes": [],
          "private": "eyJlMmJmYjczMC1lY2FhLTExZTYtOGY4OC0zNDM2M2JjN2M0YzAiOnsiY3JlYXRlIjoxODAwMDAwMDAwMDAwLCJkZWxldGUiOjEyMDAwMDAwMDAwMDAsInJlYWQiOjYwMDAwMDAwMDAwMCwidXBkYXRlIjoyNDAwMDAwMDAwMDAwfX0="
        },
        {
          "index_key": "billingbudgets.googleapis.com",
          "schema_version": 0,
          "attributes": {
            "disable_dependent_services": null,
            "disable_on_destroy": false,
            "id": "n8n-podman-456718/billingbudgets.googleapis.com",
            "project": "n8n-podman-456718",
            "service": "billingbudgets.googleapis.com",
            "timeouts": {
              "create": "30m",
              "delete": null,
              "read": null,
              "update": "40m"
            }
          },
          "sensitive_attributes": [],
          "private": "eyJlMmJmYjczMC1lY2FhLTExZTYtOGY4OC0zNDM2M2JjN2M0YzAiOnsiY3JlYXRlIjoxODAwMDAwMDAwMDAwLCJkZWxldGUiOjEyMDAwMDAwMDAwMDAsInJlYWQiOjYwMDAwMDAwMDAwMCwidXBkYXRlIjoyNDAwMDAwMDAwMDAwfX0="
        },
        {
          "index_key": "cloudbilling.googleapis.com",
          "schema_version": 0,
          "attributes": {
            "disable_dependent_services": null,
            "disable_on_destroy": false,
            "id": "n8n-podman-456718/cloudbilling.googleapis.com",
            "project": "n8n-podman-456718",
            "service": "cloudbilling.googleapis.com",
            "timeouts": {
              "create": "30m",
              "delete": null,
              "read": null,
              "update": "40m"
            }
          },
          "sensitive_attributes": [],
          "private": "eyJlMmJmYjczMC1lY2FhLTExZTYtOGY4OC0zNDM2M2JjN2M0YzAiOnsiY3JlYXRlIjoxODAwMDAwMDAwMDAwLCJkZWxldGUiOjEyMDAwMDAwMDAwMDAsInJlYWQiOjYwMDAwMDAwMDAwMCwidXBkYXRlIjoyNDAwMDAwMDAwMDAwfX0="
        },
        {
          "index_key": "cloudbuild.googleapis.com",
          "schema_version": 0,
          "attributes": {
            "disable_dependent_services": null,
            "disable_on_destroy": false,
            "id": "n8n-podman-456718/cloudbuild.googleapis.com",
            "project": "n8n-podman-456718",
            "service": "cloudbuild.googleapis.com",
            "timeouts": {
              "create": "30m",
              "delete": null,
              "read": null,
              "update": "40m"
            }
          },
          "sensitive_attributes": [],
          "private": "eyJlMmJmYjczMC1lY2FhLTExZTYtOGY4OC0zNDM2M2JjN2M0YzAiOnsiY3JlYXRlIjoxODAwMDAwMDAwMDAwLCJkZWxldGUiOjEyMDAwMDAwMDAwMDAsInJlYWQiOjYwMDAwMDAwMDAwMCwidXBkYXRlIjoyNDAwMDAwMDAwMDAwfX0="
        },
        {
          "index_key": "cloudfunctions.googleapis.com",
          "schema_version": 0,
          "attributes": {
            "disable_dependent_services": null,
            "disable_on_destroy": false,
            "id": "n8n-podman-456718/cloudfunctions.googleapis.com",
            "project": "n8n-podman-456718",
            "service": "cloudfunctions.googleapis.com",
            "timeouts": {
              "create": "30m",
              "delete": null,
              "read": null,
              "update": "40m"
            }
          },
          "sensitive_attributes": [],
          "private": "eyJlMmJmYjczMC1lY2FhLTExZTYtOGY4OC0zNDM2M2JjN2M0YzAiOnsiY3JlYXRlIjoxODAwMDAwMDAwMDAwLCJkZWxldGUiOjEyMDAwMDAwMDAwMDAsInJlYWQiOjYwMDAwMDAwMDAwMCwidXBkYXRlIjoyNDAwMDAwMDAwMDAwfX0="
        },
        {
          "index_key": "cloudresourcemanager.googleapis.com",
          "schema_version": 0,
          "attributes": {
            "disable_dependent_services": null,
            "disable_on_destroy": false,
            "id": "n8n-podman-456718/cloudresourcemanager.googleapis.com",
            "project": "n8n-podman-456718",
            "service": "cloudresourcemanager.googleapis.com",
            "timeouts": {
              "create": "30m",
              "delete": null,
              "read": null,
              "update": "40m"
            }
          },
          "sensitive_attributes": [],
          "private": "eyJlMmJmYjczMC1lY2FhLTExZTYtOGY4OC0zNDM2M2JjN2M0YzAiOnsiY3JlYXRlIjoxODAwMDAwMDAwMDAwLCJkZWxldGUiOjEyMDAwMDAwMDAwMDAsInJlYWQiOjYwMDAwMDAwMDAwMCwidXBkYXRlIjoyNDAwMDAwMDAwMDAwfX0="
        },
        {
          "index_key": "eventarc.googleapis.com",
          "schema_version": 0,
          "attributes": {
            "disable_dependent_services": null,
            "disable_on_destroy": false,
            "id": "n8n-podman-456718/eventarc.googleapis.com",
            "project": "n8n-podman-456718",
            "service": "eventarc.googleapis.com",
            "timeouts": {
              "create": "30m",
              "delete": null,
              "read": null,
              "update": "40m"
            }
          },
          "sensitive_attributes": [],
          "private": "eyJlMmJmYjczMC1lY2FhLTExZTYtOGY4OC0zNDM2M2JjN2M0YzAiOnsiY3JlYXRlIjoxODAwMDAwMDAwMDAwLCJkZWxldGUiOjEyMDAwMDAwMDAwMDAsInJlYWQiOjYwMDAwMDAwMDAwMCwidXBkYXRlIjoyNDAwMDAwMDAwMDAwfX0="
        },
        {
          "index_key": "pubsub.googleapis.com",
          "schema_version": 0,
          "attributes": {
            "disable_dependent_services": null,
            "disable_on_destroy": false,
            "id": "n8n-podman-456718/pubsub.googleapis.com",
            "project": "n8n-podman-456718",
            "service": "pubsub.googleapis.com",
            "timeouts": {
              "create": "30m",
              "delete": null,
              "read": null,
              "update": "40m"
            }
          },
          "sensitive_attributes": [],
          "private": "eyJlMmJmYjczMC1lY2FhLTExZTYtOGY4OC0zNDM2M2JjN2M0YzAiOnsiY3JlYXRlIjoxODAwMDAwMDAwMDAwLCJkZWxldGUiOjEyMDAwMDAwMDAwMDAsInJlYWQiOjYwMDAwMDAwMDAwMCwidXBkYXRlIjoyNDAwMDAwMDAwMDAwfX0="
        },
        {
          "index_key": "run.googleapis.com",
          "schema_version": 0,
          "attributes": {
            "disable_dependent_services": null,
            "disable_on_destroy": false,
            "id": "n8n-podman-456718/run.googleapis.com",
            "project": "n8n-podman-456718",
            "service": "run.googleapis.com",
            "timeouts": {
              "create": "30m",
              "delete": null,
              "read": null,
              "update": "40m"
            }
          },
          "sensitive_attributes": [],
          "private": "eyJlMmJmYjczMC1lY2FhLTExZTYtOGY4OC0zNDM2M2JjN2M0YzAiOnsiY3JlYXRlIjoxODAwMDAwMDAwMDAwLCJkZWxldGUiOjEyMDAwMDAwMDAwMDAsInJlYWQiOjYwMDAwMDAwMDAwMCwidXBkYXRlIjoyNDAwMDAwMDAwMDAwfX0="
        }
      ]
    },
    {
      "mode": "managed",
      "type": "google_pubsub_topic",
      "name": "budget_alerts",
      "provider": "provider[\"registry.terraform.io/hashicorp/google\"]",
      "instances": [
        {
          "schema_version": 0,
          "attributes": {
            "effective_labels": {},
            "id": "projects/n8n-podman-456718/topics/billing-alerts",
            "kms_key_name": "",
            "labels": {},
            "message_retention_duration": "",
            "message_storage_policy": [],
            "name": "billing-alerts",
            "project": "n8n-podman-456718",
            "schema_settings": [],
            "terraform_labels": {},
            "timeouts": null
          },
          "sensitive_attributes": [],
          "private": "eyJlMmJmYjczMC1lY2FhLTExZTYtOGY4OC0zNDM2M2JjN2M0YzAiOnsiY3JlYXRlIjoxMjAwMDAwMDAwMDAwLCJkZWxldGUiOjEyMDAwMDAwMDAwMDAsInVwZGF0ZSI6MTIwMDAwMDAwMDAwMH19",
          "dependencies": [
            "google_project_service.required_apis"
          ]
        }
      ]
    },
    {
      "mode": "managed",
      "type": "google_storage_bucket",
      "name": "function_bucket",
      "provider": "provider[\"registry.terraform.io/hashicorp/google\"]",
      "instances": [
        {
          "schema_version": 1,
          "attributes": {
            "autoclass": [],
            "cors": [],
            "custom_placement_config": [],
            "default_event_based_hold": false,
            "effective_labels": {},
            "enable_object_retention": false,
            "encryption": [],
            "force_destroy": true,
            "id": "n8n-podman-456718-function-code",
            "labels": {},
            "lifecycle_rule": [],
            "location": "US-EAST1",
            "logging": [],
            "name": "n8n-podman-456718-function-code",
            "project": "n8n-podman-456718",
            "public_access_prevention": "inherited",
            "requester_pays": false,
            "retention_policy": [],
            "rpo": null,
            "self_link": "https://www.googleapis.com/storage/v1/b/n8n-podman-456718-function-code",
            "storage_class": "STANDARD",
            "terraform_labels": {},
            "timeouts": null,
            "uniform_bucket_level_access": true,
            "url": "gs://n8n-podman-456718-function-code",
            "versioning": [],
            "website": []
          },
          "sensitive_attributes": [],
          "private": "eyJlMmJmYjczMC1lY2FhLTExZTYtOGY4OC0zNDM2M2JjN2M0YzAiOnsiY3JlYXRlIjo2MDAwMDAwMDAwMDAsInJlYWQiOjI0MDAwMDAwMDAwMCwidXBkYXRlIjoyNDAwMDAwMDAwMDB9LCJzY2hlbWFfdmVyc2lvbiI6IjEifQ==",
          "dependencies": [
            "google_project_service.required_apis"
          ]
        }
      ]
    },
    {
      "mode": "managed",
      "type": "google_storage_bucket_object",
      "name": "function_code",
      "provider": "provider[\"registry.terraform.io/hashicorp/google\"]",
      "instances": [
        {
          "schema_version": 0,
          "attributes": {
            "bucket": "n8n-podman-456718-function-code",
            "cache_control": "",
            "content": null,
            "content_disposition": "",
            "content_encoding": "",
            "content_language": "",
            "content_type": "application/zip",
            "crc32c": "pedf1g==",
            "customer_encryption": [],
            "detect_md5hash": "3EeGIBRpWi5Fjdp9TXiIiw==",
            "event_based_hold": false,
            "id": "n8n-podman-456718-function-code-function-dc47862014695a2e458dda7d4d78888b.zip",
            "kms_key_name": "",
            "md5hash": "3EeGIBRpWi5Fjdp9TXiIiw==",
            "media_link": "https://storage.googleapis.com/download/storage/v1/b/n8n-podman-456718-function-code/o/function-dc47862014695a2e458dda7d4d78888b.zip?generation=1746900569918221\u0026alt=media",
            "metadata": {},
            "name": "function-dc47862014695a2e458dda7d4d78888b.zip",
            "output_name": "function-dc47862014695a2e458dda7d4d78888b.zip",
            "retention": [],
            "self_link": "https://www.googleapis.com/storage/v1/b/n8n-podman-456718-function-code/o/function-dc47862014695a2e458dda7d4d78888b.zip",
            "source": "./function.zip",
            "storage_class": "STANDARD",
            "temporary_hold": false,
            "timeouts": null
          },
          "sensitive_attributes": [
            [
              {
                "type": "get_attr",
                "value": "content"
              }
            ]
          ],
          "private": "eyJlMmJmYjczMC1lY2FhLTExZTYtOGY4OC0zNDM2M2JjN2M0YzAiOnsiY3JlYXRlIjoyNDAwMDAwMDAwMDAsImRlbGV0ZSI6MjQwMDAwMDAwMDAwLCJ1cGRhdGUiOjI0MDAwMDAwMDAwMH19",
          "dependencies": [
            "data.archive_file.function_zip",
            "google_project_service.required_apis",
            "google_storage_bucket.function_bucket"
          ]
        }
      ]
    }
  ],
  "check_results": null
}
